
Microsoft Visual Studio Solution File, Format Version 12.00
# Visual Studio 2013
VisualStudioVersion = 12.0.40629.0
MinimumVisualStudioVersion = 10.0.40219.1
Project("{FAE04EC0-301F-11D3-BF4B-00C04F79EFBC}") = "Beginner", "BeginningCProgramming\Beginner.csproj", "{E1DF71EC-1394-47E3-894C-57CC92884A80}"
EndProject
Project("{FAE04EC0-301F-11D3-BF4B-00C04F79EFBC}") = "02.Lesson", "02.Lesson\02.Lesson.csproj", "{C36FFC52-C1D1-4D59-9ACB-946653A0DA96}"
EndProject
Project("{FAE04EC0-301F-11D3-BF4B-00C04F79EFBC}") = "03.Lesson", "03.Lesson\03.Lesson.csproj", "{7F591890-D7D8-42B0-A40F-746A61F39497}"
EndProject
Project("{FAE04EC0-301F-11D3-BF4B-00C04F79EFBC}") = "04.Lesson", "04.Lesson\04.Lesson.csproj", "{7B2D4C9A-A433-4F99-B284-26FEE4FA9F8B}"
EndProject
Project("{FAE04EC0-301F-11D3-BF4B-00C04F79EFBC}") = "05.Lesson", "05.lESSON\05.Lesson.csproj", "{83A6E0BE-8D0B-4153-8674-2FE403B8862A}"
EndProject
Project("{FAE04EC0-301F-11D3-BF4B-00C04F79EFBC}") = "06.Lesson", "06.Lesson\06.Lesson.csproj", "{32DC7AF1-C1B2-4F6D-8D03-5286123DC5DA}"
EndProject
Project("{FAE04EC0-301F-11D3-BF4B-00C04F79EFBC}") = "07.Lesson", "07.Lesson\07.Lesson.csproj", "{47889DF9-85CA-4ED1-A47F-8BC57D6822EE}"
EndProject
Project("{FAE04EC0-301F-11D3-BF4B-00C04F79EFBC}") = "08.Lesson", "08.Leson\08.Lesson.csproj", "{DF71044E-56EB-4DA0-B4E3-265B9FE16900}"
EndProject
Project("{FAE04EC0-301F-11D3-BF4B-00C04F79EFBC}") = "09.Lesson", "09.Lesson\09.Lesson.csproj", "{99ABE9E1-B0B3-452F-939A-C9E343EBA645}"
EndProject
Project("{FAE04EC0-301F-11D3-BF4B-00C04F79EFBC}") = "10.Lesson", "0.10.FizzBuzz\10.Lesson.csproj", "{06EB7C07-9953-4C1B-80E4-746598FC782A}"
EndProject
Project("{FAE04EC0-301F-11D3-BF4B-00C04F79EFBC}") = "11.Lesson", "0.11.Lesson\11.Lesson.csproj", "{AAA52EBA-AE53-40C0-9259-420DD0CD0B25}"
EndProject
Project("{FAE04EC0-301F-11D3-BF4B-00C04F79EFBC}") = "12.Lesson", "12.Lesson\12.Lesson.csproj", "{1E64ADE4-E958-453E-ADB5-51CF08BF011C}"
EndProject
Project("{FAE04EC0-301F-11D3-BF4B-00C04F79EFBC}") = "23.Lesson", "0.12.Lesson\23.Lesson.csproj", "{E2A36C98-6933-40CA-9B32-47F6B07D66BF}"
EndProject
Project("{FAE04EC0-301F-11D3-BF4B-00C04F79EFBC}") = "0.13.Lesson", "0.13.Lesson\0.13.Lesson.csproj", "{ED2C1AE8-1738-422A-9384-57BDEB882861}"
EndProject
Project("{FAE04EC0-301F-11D3-BF4B-00C04F79EFBC}") = "0.14.Lesson.array", "0.14.Lesson.array\0.14.Lesson.array.csproj", "{5D0C753E-468B-43FB-89B1-3DD0F5654FDA}"
EndProject
Project("{FAE04EC0-301F-11D3-BF4B-00C04F79EFBC}") = "0.15.Lesson.Types and variables", "0.15.Lesson.Types and variables\0.15.Lesson.Types and variables.csproj", "{66BF2679-599E-49E0-B084-24AB7BF07F0A}"
EndProject
Project("{FAE04EC0-301F-11D3-BF4B-00C04F79EFBC}") = "0.16.Lesson.DeeperLookatEquality", "0.16.Lesson.DeeperLookatEquality\0.16.Lesson.DeeperLookatEquality.csproj", "{59A38125-10B8-4E7F-AB88-179C5A18E49C}"
EndProject
Project("{FAE04EC0-301F-11D3-BF4B-00C04F79EFBC}") = "0.17.Lesson", "0.17.Lesson\0.17.Lesson.csproj", "{F7A20DC3-BAAC-4D32-93D1-25AE12AB7FB4}"
EndProject
Project("{FAE04EC0-301F-11D3-BF4B-00C04F79EFBC}") = "0.18.Methods", "0.18.Methods\0.18.Methods.csproj", "{EA3A8766-3B22-49B5-8DFF-5337B060D550}"
EndProject
Project("{FAE04EC0-301F-11D3-BF4B-00C04F79EFBC}") = "0.19.Lesson", "0.19.Lesson\0.19.Lesson.csproj", "{4A9F08C7-32D5-4211-BE09-9E51ECFDA7F9}"
EndProject
Project("{FAE04EC0-301F-11D3-BF4B-00C04F79EFBC}") = "0.20.Lesson.MethodsImplementing", "0.20.Lesson.MethodsImplementing\0.20.Lesson.MethodsImplementing.csproj", "{C15DD36F-94A8-479B-B5E6-A8768FDC874B}"
EndProject
Project("{FAE04EC0-301F-11D3-BF4B-00C04F79EFBC}") = "0.21.Lesson", "0.21.Lesson\0.21.Lesson.csproj", "{C61A2824-9CAC-4908-8EB5-9C6BCF31F4C8}"
EndProject
Project("{FAE04EC0-301F-11D3-BF4B-00C04F79EFBC}") = "22.Morgidge", "022.Morgidge\22.Morgidge.csproj", "{99AC72D4-12E3-4BD6-A0F7-F69E2851012C}"
EndProject
Global
	GlobalSection(SolutionConfigurationPlatforms) = preSolution
		Debug|Any CPU = Debug|Any CPU
		Release|Any CPU = Release|Any CPU
	EndGlobalSection
	GlobalSection(ProjectConfigurationPlatforms) = postSolution
		{E1DF71EC-1394-47E3-894C-57CC92884A80}.Debug|Any CPU.ActiveCfg = Debug|Any CPU
		{E1DF71EC-1394-47E3-894C-57CC92884A80}.Debug|Any CPU.Build.0 = Debug|Any CPU
		{E1DF71EC-1394-47E3-894C-57CC92884A80}.Release|Any CPU.ActiveCfg = Release|Any CPU
		{E1DF71EC-1394-47E3-894C-57CC92884A80}.Release|Any CPU.Build.0 = Release|Any CPU
		{C36FFC52-C1D1-4D59-9ACB-946653A0DA96}.Debug|Any CPU.ActiveCfg = Debug|Any CPU
		{C36FFC52-C1D1-4D59-9ACB-946653A0DA96}.Debug|Any CPU.Build.0 = Debug|Any CPU
		{C36FFC52-C1D1-4D59-9ACB-946653A0DA96}.Release|Any CPU.ActiveCfg = Release|Any CPU
		{C36FFC52-C1D1-4D59-9ACB-946653A0DA96}.Release|Any CPU.Build.0 = Release|Any CPU
		{7F591890-D7D8-42B0-A40F-746A61F39497}.Debug|Any CPU.ActiveCfg = Debug|Any CPU
		{7F591890-D7D8-42B0-A40F-746A61F39497}.Debug|Any CPU.Build.0 = Debug|Any CPU
		{7F591890-D7D8-42B0-A40F-746A61F39497}.Release|Any CPU.ActiveCfg = Release|Any CPU
		{7F591890-D7D8-42B0-A40F-746A61F39497}.Release|Any CPU.Build.0 = Release|Any CPU
		{7B2D4C9A-A433-4F99-B284-26FEE4FA9F8B}.Debug|Any CPU.ActiveCfg = Debug|Any CPU
		{7B2D4C9A-A433-4F99-B284-26FEE4FA9F8B}.Debug|Any CPU.Build.0 = Debug|Any CPU
		{7B2D4C9A-A433-4F99-B284-26FEE4FA9F8B}.Release|Any CPU.ActiveCfg = Release|Any CPU
		{7B2D4C9A-A433-4F99-B284-26FEE4FA9F8B}.Release|Any CPU.Build.0 = Release|Any CPU
		{83A6E0BE-8D0B-4153-8674-2FE403B8862A}.Debug|Any CPU.ActiveCfg = Debug|Any CPU
		{83A6E0BE-8D0B-4153-8674-2FE403B8862A}.Debug|Any CPU.Build.0 = Debug|Any CPU
		{83A6E0BE-8D0B-4153-8674-2FE403B8862A}.Release|Any CPU.ActiveCfg = Release|Any CPU
		{83A6E0BE-8D0B-4153-8674-2FE403B8862A}.Release|Any CPU.Build.0 = Release|Any CPU
		{32DC7AF1-C1B2-4F6D-8D03-5286123DC5DA}.Debug|Any CPU.ActiveCfg = Debug|Any CPU
		{32DC7AF1-C1B2-4F6D-8D03-5286123DC5DA}.Debug|Any CPU.Build.0 = Debug|Any CPU
		{32DC7AF1-C1B2-4F6D-8D03-5286123DC5DA}.Release|Any CPU.ActiveCfg = Release|Any CPU
		{32DC7AF1-C1B2-4F6D-8D03-5286123DC5DA}.Release|Any CPU.Build.0 = Release|Any CPU
		{47889DF9-85CA-4ED1-A47F-8BC57D6822EE}.Debug|Any CPU.ActiveCfg = Debug|Any CPU
		{47889DF9-85CA-4ED1-A47F-8BC57D6822EE}.Debug|Any CPU.Build.0 = Debug|Any CPU
		{47889DF9-85CA-4ED1-A47F-8BC57D6822EE}.Release|Any CPU.ActiveCfg = Release|Any CPU
		{47889DF9-85CA-4ED1-A47F-8BC57D6822EE}.Release|Any CPU.Build.0 = Release|Any CPU
		{DF71044E-56EB-4DA0-B4E3-265B9FE16900}.Debug|Any CPU.ActiveCfg = Debug|Any CPU
		{DF71044E-56EB-4DA0-B4E3-265B9FE16900}.Debug|Any CPU.Build.0 = Debug|Any CPU
		{DF71044E-56EB-4DA0-B4E3-265B9FE16900}.Release|Any CPU.ActiveCfg = Release|Any CPU
		{DF71044E-56EB-4DA0-B4E3-265B9FE16900}.Release|Any CPU.Build.0 = Release|Any CPU
		{99ABE9E1-B0B3-452F-939A-C9E343EBA645}.Debug|Any CPU.ActiveCfg = Debug|Any CPU
		{99ABE9E1-B0B3-452F-939A-C9E343EBA645}.Debug|Any CPU.Build.0 = Debug|Any CPU
		{99ABE9E1-B0B3-452F-939A-C9E343EBA645}.Release|Any CPU.ActiveCfg = Release|Any CPU
		{99ABE9E1-B0B3-452F-939A-C9E343EBA645}.Release|Any CPU.Build.0 = Release|Any CPU
		{06EB7C07-9953-4C1B-80E4-746598FC782A}.Debug|Any CPU.ActiveCfg = Debug|Any CPU
		{06EB7C07-9953-4C1B-80E4-746598FC782A}.Debug|Any CPU.Build.0 = Debug|Any CPU
		{06EB7C07-9953-4C1B-80E4-746598FC782A}.Release|Any CPU.ActiveCfg = Release|Any CPU
		{06EB7C07-9953-4C1B-80E4-746598FC782A}.Release|Any CPU.Build.0 = Release|Any CPU
		{AAA52EBA-AE53-40C0-9259-420DD0CD0B25}.Debug|Any CPU.ActiveCfg = Debug|Any CPU
		{AAA52EBA-AE53-40C0-9259-420DD0CD0B25}.Debug|Any CPU.Build.0 = Debug|Any CPU
		{AAA52EBA-AE53-40C0-9259-420DD0CD0B25}.Release|Any CPU.ActiveCfg = Release|Any CPU
		{AAA52EBA-AE53-40C0-9259-420DD0CD0B25}.Release|Any CPU.Build.0 = Release|Any CPU
		{1E64ADE4-E958-453E-ADB5-51CF08BF011C}.Debug|Any CPU.ActiveCfg = Debug|Any CPU
		{1E64ADE4-E958-453E-ADB5-51CF08BF011C}.Debug|Any CPU.Build.0 = Debug|Any CPU
		{1E64ADE4-E958-453E-ADB5-51CF08BF011C}.Release|Any CPU.ActiveCfg = Release|Any CPU
		{1E64ADE4-E958-453E-ADB5-51CF08BF011C}.Release|Any CPU.Build.0 = Release|Any CPU
		{E2A36C98-6933-40CA-9B32-47F6B07D66BF}.Debug|Any CPU.ActiveCfg = Debug|Any CPU
		{E2A36C98-6933-40CA-9B32-47F6B07D66BF}.Debug|Any CPU.Build.0 = Debug|Any CPU
		{E2A36C98-6933-40CA-9B32-47F6B07D66BF}.Release|Any CPU.ActiveCfg = Release|Any CPU
		{E2A36C98-6933-40CA-9B32-47F6B07D66BF}.Release|Any CPU.Build.0 = Release|Any CPU
		{ED2C1AE8-1738-422A-9384-57BDEB882861}.Debug|Any CPU.ActiveCfg = Debug|Any CPU
		{ED2C1AE8-1738-422A-9384-57BDEB882861}.Debug|Any CPU.Build.0 = Debug|Any CPU
		{ED2C1AE8-1738-422A-9384-57BDEB882861}.Release|Any CPU.ActiveCfg = Release|Any CPU
		{ED2C1AE8-1738-422A-9384-57BDEB882861}.Release|Any CPU.Build.0 = Release|Any CPU
		{5D0C753E-468B-43FB-89B1-3DD0F5654FDA}.Debug|Any CPU.ActiveCfg = Debug|Any CPU
		{5D0C753E-468B-43FB-89B1-3DD0F5654FDA}.Debug|Any CPU.Build.0 = Debug|Any CPU
		{5D0C753E-468B-43FB-89B1-3DD0F5654FDA}.Release|Any CPU.ActiveCfg = Release|Any CPU
		{5D0C753E-468B-43FB-89B1-3DD0F5654FDA}.Release|Any CPU.Build.0 = Release|Any CPU
		{66BF2679-599E-49E0-B084-24AB7BF07F0A}.Debug|Any CPU.ActiveCfg = Debug|Any CPU
		{66BF2679-599E-49E0-B084-24AB7BF07F0A}.Debug|Any CPU.Build.0 = Debug|Any CPU
		{66BF2679-599E-49E0-B084-24AB7BF07F0A}.Release|Any CPU.ActiveCfg = Release|Any CPU
		{66BF2679-599E-49E0-B084-24AB7BF07F0A}.Release|Any CPU.Build.0 = Release|Any CPU
		{59A38125-10B8-4E7F-AB88-179C5A18E49C}.Debug|Any CPU.ActiveCfg = Debug|Any CPU
		{59A38125-10B8-4E7F-AB88-179C5A18E49C}.Debug|Any CPU.Build.0 = Debug|Any CPU
		{59A38125-10B8-4E7F-AB88-179C5A18E49C}.Release|Any CPU.ActiveCfg = Release|Any CPU
		{59A38125-10B8-4E7F-AB88-179C5A18E49C}.Release|Any CPU.Build.0 = Release|Any CPU
		{F7A20DC3-BAAC-4D32-93D1-25AE12AB7FB4}.Debug|Any CPU.ActiveCfg = Debug|Any CPU
		{F7A20DC3-BAAC-4D32-93D1-25AE12AB7FB4}.Debug|Any CPU.Build.0 = Debug|Any CPU
		{F7A20DC3-BAAC-4D32-93D1-25AE12AB7FB4}.Release|Any CPU.ActiveCfg = Release|Any CPU
		{F7A20DC3-BAAC-4D32-93D1-25AE12AB7FB4}.Release|Any CPU.Build.0 = Release|Any CPU
		{EA3A8766-3B22-49B5-8DFF-5337B060D550}.Debug|Any CPU.ActiveCfg = Debug|Any CPU
		{EA3A8766-3B22-49B5-8DFF-5337B060D550}.Debug|Any CPU.Build.0 = Debug|Any CPU
		{EA3A8766-3B22-49B5-8DFF-5337B060D550}.Release|Any CPU.ActiveCfg = Release|Any CPU
		{EA3A8766-3B22-49B5-8DFF-5337B060D550}.Release|Any CPU.Build.0 = Release|Any CPU
		{4A9F08C7-32D5-4211-BE09-9E51ECFDA7F9}.Debug|Any CPU.ActiveCfg = Debug|Any CPU
		{4A9F08C7-32D5-4211-BE09-9E51ECFDA7F9}.Debug|Any CPU.Build.0 = Debug|Any CPU
		{4A9F08C7-32D5-4211-BE09-9E51ECFDA7F9}.Release|Any CPU.ActiveCfg = Release|Any CPU
		{4A9F08C7-32D5-4211-BE09-9E51ECFDA7F9}.Release|Any CPU.Build.0 = Release|Any CPU
		{C15DD36F-94A8-479B-B5E6-A8768FDC874B}.Debug|Any CPU.ActiveCfg = Debug|Any CPU
		{C15DD36F-94A8-479B-B5E6-A8768FDC874B}.Debug|Any CPU.Build.0 = Debug|Any CPU
		{C15DD36F-94A8-479B-B5E6-A8768FDC874B}.Release|Any CPU.ActiveCfg = Release|Any CPU
		{C15DD36F-94A8-479B-B5E6-A8768FDC874B}.Release|Any CPU.Build.0 = Release|Any CPU
		{C61A2824-9CAC-4908-8EB5-9C6BCF31F4C8}.Debug|Any CPU.ActiveCfg = Debug|Any CPU
		{C61A2824-9CAC-4908-8EB5-9C6BCF31F4C8}.Debug|Any CPU.Build.0 = Debug|Any CPU
		{C61A2824-9CAC-4908-8EB5-9C6BCF31F4C8}.Release|Any CPU.ActiveCfg = Release|Any CPU
		{C61A2824-9CAC-4908-8EB5-9C6BCF31F4C8}.Release|Any CPU.Build.0 = Release|Any CPU
		{99AC72D4-12E3-4BD6-A0F7-F69E2851012C}.Debug|Any CPU.ActiveCfg = Debug|Any CPU
		{99AC72D4-12E3-4BD6-A0F7-F69E2851012C}.Debug|Any CPU.Build.0 = Debug|Any CPU
		{99AC72D4-12E3-4BD6-A0F7-F69E2851012C}.Release|Any CPU.ActiveCfg = Release|Any CPU
		{99AC72D4-12E3-4BD6-A0F7-F69E2851012C}.Release|Any CPU.Build.0 = Release|Any CPU
	EndGlobalSection
	GlobalSection(SolutionProperties) = preSolution
		HideSolutionNode = FALSE
	EndGlobalSection
EndGlobal
