
Microsoft Visual Studio Solution File, Format Version 12.00
# Visual Studio 2013
VisualStudioVersion = 12.0.40629.0
MinimumVisualStudioVersion = 10.0.40219.1
Project("{FAE04EC0-301F-11D3-BF4B-00C04F79EFBC}") = "01.SquareRoot", "01.SquareRoot\01.SquareRoot.csproj", "{CD4E6C2C-8EED-464C-9AAA-987BEA3DF1D1}"
EndProject
Project("{FAE04EC0-301F-11D3-BF4B-00C04F79EFBC}") = "02.EnterANumber", "02.EnterANumber\02.EnterANumber.csproj", "{A6FE9938-4A33-4E32-8F34-9F47D940166B}"
EndProject
Global
	GlobalSection(SolutionConfigurationPlatforms) = preSolution
		Debug|Any CPU = Debug|Any CPU
		Release|Any CPU = Release|Any CPU
	EndGlobalSection
	GlobalSection(ProjectConfigurationPlatforms) = postSolution
		{CD4E6C2C-8EED-464C-9AAA-987BEA3DF1D1}.Debug|Any CPU.ActiveCfg = Debug|Any CPU
		{CD4E6C2C-8EED-464C-9AAA-987BEA3DF1D1}.Debug|Any CPU.Build.0 = Debug|Any CPU
		{CD4E6C2C-8EED-464C-9AAA-987BEA3DF1D1}.Release|Any CPU.ActiveCfg = Release|Any CPU
		{CD4E6C2C-8EED-464C-9AAA-987BEA3DF1D1}.Release|Any CPU.Build.0 = Release|Any CPU
		{A6FE9938-4A33-4E32-8F34-9F47D940166B}.Debug|Any CPU.ActiveCfg = Debug|Any CPU
		{A6FE9938-4A33-4E32-8F34-9F47D940166B}.Debug|Any CPU.Build.0 = Debug|Any CPU
		{A6FE9938-4A33-4E32-8F34-9F47D940166B}.Release|Any CPU.ActiveCfg = Release|Any CPU
		{A6FE9938-4A33-4E32-8F34-9F47D940166B}.Release|Any CPU.Build.0 = Release|Any CPU
	EndGlobalSection
	GlobalSection(SolutionProperties) = preSolution
		HideSolutionNode = FALSE
	EndGlobalSection
EndGlobal
