
Microsoft Visual Studio Solution File, Format Version 12.00
# Visual Studio 2013
VisualStudioVersion = 12.0.40629.0
MinimumVisualStudioVersion = 10.0.40219.1
Project("{FAE04EC0-301F-11D3-BF4B-00C04F79EFBC}") = "Grades", "02.LessonClasess\Grades.csproj", "{5874C04B-158D-445B-B1A7-B3948245094B}"
EndProject
Project("{FAE04EC0-301F-11D3-BF4B-00C04F79EFBC}") = "02.Array", "02.Array\02.Array.csproj", "{AF6A2CFC-E329-4B56-9A79-4543BE0DF6C0}"
EndProject
Project("{FAE04EC0-301F-11D3-BF4B-00C04F79EFBC}") = "03.Methods", "03.Methods\03.Methods.csproj", "{ED87FB7A-0DCA-4DBD-952B-BDD8E97520AA}"
EndProject
Project("{FAE04EC0-301F-11D3-BF4B-00C04F79EFBC}") = "04.Properties", "04.Properties\04.Properties.csproj", "{8C4A99DC-541D-4A9E-9516-C6957D705297}"
EndProject
Project("{FAE04EC0-301F-11D3-BF4B-00C04F79EFBC}") = "05.Flowcontrol", "05.Flowcontrol\05.Flowcontrol.csproj", "{B5E72952-4B51-4E78-BD33-60534475563C}"
EndProject
Project("{FAE04EC0-301F-11D3-BF4B-00C04F79EFBC}") = "06.TestKeyChar", "06.TestKeyChar\06.TestKeyChar.csproj", "{2913A15D-EBF1-43F0-A69B-96FC20417766}"
EndProject
Project("{FAE04EC0-301F-11D3-BF4B-00C04F79EFBC}") = "07.Polymorphism", "07.Polymorphism\07.Polymorphism.csproj", "{115F71B4-0BF3-4A41-A6B2-E5DF9AF53620}"
EndProject
Project("{FAE04EC0-301F-11D3-BF4B-00C04F79EFBC}") = "08.Abstraction", "08.Abstraction\08.Abstraction.csproj", "{1050DC20-B07A-48C0-821E-576709C34EDD}"
EndProject
Project("{FAE04EC0-301F-11D3-BF4B-00C04F79EFBC}") = "09.Interfaces", "09.Interfaces\09.Interfaces.csproj", "{539706BF-5F6B-4451-9BA5-286AA7D4B9A5}"
EndProject
Global
	GlobalSection(SolutionConfigurationPlatforms) = preSolution
		Debug|Any CPU = Debug|Any CPU
		Release|Any CPU = Release|Any CPU
	EndGlobalSection
	GlobalSection(ProjectConfigurationPlatforms) = postSolution
		{5874C04B-158D-445B-B1A7-B3948245094B}.Debug|Any CPU.ActiveCfg = Debug|Any CPU
		{5874C04B-158D-445B-B1A7-B3948245094B}.Debug|Any CPU.Build.0 = Debug|Any CPU
		{5874C04B-158D-445B-B1A7-B3948245094B}.Release|Any CPU.ActiveCfg = Release|Any CPU
		{5874C04B-158D-445B-B1A7-B3948245094B}.Release|Any CPU.Build.0 = Release|Any CPU
		{AF6A2CFC-E329-4B56-9A79-4543BE0DF6C0}.Debug|Any CPU.ActiveCfg = Debug|Any CPU
		{AF6A2CFC-E329-4B56-9A79-4543BE0DF6C0}.Debug|Any CPU.Build.0 = Debug|Any CPU
		{AF6A2CFC-E329-4B56-9A79-4543BE0DF6C0}.Release|Any CPU.ActiveCfg = Release|Any CPU
		{AF6A2CFC-E329-4B56-9A79-4543BE0DF6C0}.Release|Any CPU.Build.0 = Release|Any CPU
		{ED87FB7A-0DCA-4DBD-952B-BDD8E97520AA}.Debug|Any CPU.ActiveCfg = Debug|Any CPU
		{ED87FB7A-0DCA-4DBD-952B-BDD8E97520AA}.Debug|Any CPU.Build.0 = Debug|Any CPU
		{ED87FB7A-0DCA-4DBD-952B-BDD8E97520AA}.Release|Any CPU.ActiveCfg = Release|Any CPU
		{ED87FB7A-0DCA-4DBD-952B-BDD8E97520AA}.Release|Any CPU.Build.0 = Release|Any CPU
		{8C4A99DC-541D-4A9E-9516-C6957D705297}.Debug|Any CPU.ActiveCfg = Debug|Any CPU
		{8C4A99DC-541D-4A9E-9516-C6957D705297}.Debug|Any CPU.Build.0 = Debug|Any CPU
		{8C4A99DC-541D-4A9E-9516-C6957D705297}.Release|Any CPU.ActiveCfg = Release|Any CPU
		{8C4A99DC-541D-4A9E-9516-C6957D705297}.Release|Any CPU.Build.0 = Release|Any CPU
		{B5E72952-4B51-4E78-BD33-60534475563C}.Debug|Any CPU.ActiveCfg = Debug|Any CPU
		{B5E72952-4B51-4E78-BD33-60534475563C}.Debug|Any CPU.Build.0 = Debug|Any CPU
		{B5E72952-4B51-4E78-BD33-60534475563C}.Release|Any CPU.ActiveCfg = Release|Any CPU
		{B5E72952-4B51-4E78-BD33-60534475563C}.Release|Any CPU.Build.0 = Release|Any CPU
		{2913A15D-EBF1-43F0-A69B-96FC20417766}.Debug|Any CPU.ActiveCfg = Debug|Any CPU
		{2913A15D-EBF1-43F0-A69B-96FC20417766}.Debug|Any CPU.Build.0 = Debug|Any CPU
		{2913A15D-EBF1-43F0-A69B-96FC20417766}.Release|Any CPU.ActiveCfg = Release|Any CPU
		{2913A15D-EBF1-43F0-A69B-96FC20417766}.Release|Any CPU.Build.0 = Release|Any CPU
		{115F71B4-0BF3-4A41-A6B2-E5DF9AF53620}.Debug|Any CPU.ActiveCfg = Debug|Any CPU
		{115F71B4-0BF3-4A41-A6B2-E5DF9AF53620}.Debug|Any CPU.Build.0 = Debug|Any CPU
		{115F71B4-0BF3-4A41-A6B2-E5DF9AF53620}.Release|Any CPU.ActiveCfg = Release|Any CPU
		{115F71B4-0BF3-4A41-A6B2-E5DF9AF53620}.Release|Any CPU.Build.0 = Release|Any CPU
		{1050DC20-B07A-48C0-821E-576709C34EDD}.Debug|Any CPU.ActiveCfg = Debug|Any CPU
		{1050DC20-B07A-48C0-821E-576709C34EDD}.Debug|Any CPU.Build.0 = Debug|Any CPU
		{1050DC20-B07A-48C0-821E-576709C34EDD}.Release|Any CPU.ActiveCfg = Release|Any CPU
		{1050DC20-B07A-48C0-821E-576709C34EDD}.Release|Any CPU.Build.0 = Release|Any CPU
		{539706BF-5F6B-4451-9BA5-286AA7D4B9A5}.Debug|Any CPU.ActiveCfg = Debug|Any CPU
		{539706BF-5F6B-4451-9BA5-286AA7D4B9A5}.Debug|Any CPU.Build.0 = Debug|Any CPU
		{539706BF-5F6B-4451-9BA5-286AA7D4B9A5}.Release|Any CPU.ActiveCfg = Release|Any CPU
		{539706BF-5F6B-4451-9BA5-286AA7D4B9A5}.Release|Any CPU.Build.0 = Release|Any CPU
	EndGlobalSection
	GlobalSection(SolutionProperties) = preSolution
		HideSolutionNode = FALSE
	EndGlobalSection
EndGlobal
