
Microsoft Visual Studio Solution File, Format Version 12.00
# Visual Studio 2013
VisualStudioVersion = 12.0.40629.0
MinimumVisualStudioVersion = 10.0.40219.1
Project("{FAE04EC0-301F-11D3-BF4B-00C04F79EFBC}") = "01.Shapes", "01.Shapes\01.Shapes.csproj", "{40DE53BB-3CEE-4980-B0D4-950AB94FA588}"
EndProject
Project("{FAE04EC0-301F-11D3-BF4B-00C04F79EFBC}") = "02.MunicipalBank", "02.MunicipalBank\02.MunicipalBank.csproj", "{FA51F8EC-0772-4DDE-B457-7A5A77E7D5F6}"
EndProject
Global
	GlobalSection(SolutionConfigurationPlatforms) = preSolution
		Debug|Any CPU = Debug|Any CPU
		Release|Any CPU = Release|Any CPU
	EndGlobalSection
	GlobalSection(ProjectConfigurationPlatforms) = postSolution
		{40DE53BB-3CEE-4980-B0D4-950AB94FA588}.Debug|Any CPU.ActiveCfg = Debug|Any CPU
		{40DE53BB-3CEE-4980-B0D4-950AB94FA588}.Debug|Any CPU.Build.0 = Debug|Any CPU
		{40DE53BB-3CEE-4980-B0D4-950AB94FA588}.Release|Any CPU.ActiveCfg = Release|Any CPU
		{40DE53BB-3CEE-4980-B0D4-950AB94FA588}.Release|Any CPU.Build.0 = Release|Any CPU
		{FA51F8EC-0772-4DDE-B457-7A5A77E7D5F6}.Debug|Any CPU.ActiveCfg = Debug|Any CPU
		{FA51F8EC-0772-4DDE-B457-7A5A77E7D5F6}.Debug|Any CPU.Build.0 = Debug|Any CPU
		{FA51F8EC-0772-4DDE-B457-7A5A77E7D5F6}.Release|Any CPU.ActiveCfg = Release|Any CPU
		{FA51F8EC-0772-4DDE-B457-7A5A77E7D5F6}.Release|Any CPU.Build.0 = Release|Any CPU
	EndGlobalSection
	GlobalSection(SolutionProperties) = preSolution
		HideSolutionNode = FALSE
	EndGlobalSection
EndGlobal
