
Microsoft Visual Studio Solution File, Format Version 12.00
# Visual Studio 2013
VisualStudioVersion = 12.0.40629.0
MinimumVisualStudioVersion = 10.0.40219.1
Project("{FAE04EC0-301F-11D3-BF4B-00C04F79EFBC}") = "CombinatorialAlgorithms", "CombinatorialAlgorithms\CombinatorialAlgorithms.csproj", "{923F27E3-F41B-40A4-9E0E-4ACE5CF5BB06}"
EndProject
Project("{FAE04EC0-301F-11D3-BF4B-00C04F79EFBC}") = "05.Permutations", "05.Permutations\05.Permutations.csproj", "{33C9EEBE-86DD-443A-9F8D-A3C4B828E013}"
EndProject
Project("{FAE04EC0-301F-11D3-BF4B-00C04F79EFBC}") = "07.Cubes", "07.Cubes\07.Cubes.csproj", "{C126BE80-5340-4A10-996E-9B19F4FB9F34}"
EndProject
Project("{FAE04EC0-301F-11D3-BF4B-00C04F79EFBC}") = "06.Snake", "06.Snake\06.Snake.csproj", "{3AF5485B-566E-45B8-87F8-42722133E7AF}"
EndProject
Global
	GlobalSection(SolutionConfigurationPlatforms) = preSolution
		Debug|Any CPU = Debug|Any CPU
		Release|Any CPU = Release|Any CPU
	EndGlobalSection
	GlobalSection(ProjectConfigurationPlatforms) = postSolution
		{923F27E3-F41B-40A4-9E0E-4ACE5CF5BB06}.Debug|Any CPU.ActiveCfg = Debug|Any CPU
		{923F27E3-F41B-40A4-9E0E-4ACE5CF5BB06}.Debug|Any CPU.Build.0 = Debug|Any CPU
		{923F27E3-F41B-40A4-9E0E-4ACE5CF5BB06}.Release|Any CPU.ActiveCfg = Release|Any CPU
		{923F27E3-F41B-40A4-9E0E-4ACE5CF5BB06}.Release|Any CPU.Build.0 = Release|Any CPU
		{33C9EEBE-86DD-443A-9F8D-A3C4B828E013}.Debug|Any CPU.ActiveCfg = Debug|Any CPU
		{33C9EEBE-86DD-443A-9F8D-A3C4B828E013}.Debug|Any CPU.Build.0 = Debug|Any CPU
		{33C9EEBE-86DD-443A-9F8D-A3C4B828E013}.Release|Any CPU.ActiveCfg = Release|Any CPU
		{33C9EEBE-86DD-443A-9F8D-A3C4B828E013}.Release|Any CPU.Build.0 = Release|Any CPU
		{C126BE80-5340-4A10-996E-9B19F4FB9F34}.Debug|Any CPU.ActiveCfg = Debug|Any CPU
		{C126BE80-5340-4A10-996E-9B19F4FB9F34}.Debug|Any CPU.Build.0 = Debug|Any CPU
		{C126BE80-5340-4A10-996E-9B19F4FB9F34}.Release|Any CPU.ActiveCfg = Release|Any CPU
		{C126BE80-5340-4A10-996E-9B19F4FB9F34}.Release|Any CPU.Build.0 = Release|Any CPU
		{3AF5485B-566E-45B8-87F8-42722133E7AF}.Debug|Any CPU.ActiveCfg = Debug|Any CPU
		{3AF5485B-566E-45B8-87F8-42722133E7AF}.Debug|Any CPU.Build.0 = Debug|Any CPU
		{3AF5485B-566E-45B8-87F8-42722133E7AF}.Release|Any CPU.ActiveCfg = Release|Any CPU
		{3AF5485B-566E-45B8-87F8-42722133E7AF}.Release|Any CPU.Build.0 = Release|Any CPU
	EndGlobalSection
	GlobalSection(SolutionProperties) = preSolution
		HideSolutionNode = FALSE
	EndGlobalSection
EndGlobal
