
Microsoft Visual Studio Solution File, Format Version 12.00
# Visual Studio 2013
VisualStudioVersion = 12.0.40629.0
MinimumVisualStudioVersion = 10.0.40219.1
Project("{FAE04EC0-301F-11D3-BF4B-00C04F79EFBC}") = "01.ExtentionMethod", "ExtentionMethod\01.ExtentionMethod.csproj", "{1B4621F1-6704-49AD-8CA7-E1EBFB064FB5}"
EndProject
Project("{FAE04EC0-301F-11D3-BF4B-00C04F79EFBC}") = "02.InterestCalculator", "02.InterestCalculator\02.InterestCalculator.csproj", "{0F9025EB-D46E-4306-BE2C-A03951DE45A0}"
EndProject
Project("{FAE04EC0-301F-11D3-BF4B-00C04F79EFBC}") = "03.AsynchronousTimer", "03.AsynchronousTimer\03.AsynchronousTimer.csproj", "{77C1CC41-1FAB-4155-AB62-1C388B170EB2}"
EndProject
Global
	GlobalSection(SolutionConfigurationPlatforms) = preSolution
		Debug|Any CPU = Debug|Any CPU
		Release|Any CPU = Release|Any CPU
	EndGlobalSection
	GlobalSection(ProjectConfigurationPlatforms) = postSolution
		{1B4621F1-6704-49AD-8CA7-E1EBFB064FB5}.Debug|Any CPU.ActiveCfg = Debug|Any CPU
		{1B4621F1-6704-49AD-8CA7-E1EBFB064FB5}.Debug|Any CPU.Build.0 = Debug|Any CPU
		{1B4621F1-6704-49AD-8CA7-E1EBFB064FB5}.Release|Any CPU.ActiveCfg = Release|Any CPU
		{1B4621F1-6704-49AD-8CA7-E1EBFB064FB5}.Release|Any CPU.Build.0 = Release|Any CPU
		{0F9025EB-D46E-4306-BE2C-A03951DE45A0}.Debug|Any CPU.ActiveCfg = Debug|Any CPU
		{0F9025EB-D46E-4306-BE2C-A03951DE45A0}.Debug|Any CPU.Build.0 = Debug|Any CPU
		{0F9025EB-D46E-4306-BE2C-A03951DE45A0}.Release|Any CPU.ActiveCfg = Release|Any CPU
		{0F9025EB-D46E-4306-BE2C-A03951DE45A0}.Release|Any CPU.Build.0 = Release|Any CPU
		{77C1CC41-1FAB-4155-AB62-1C388B170EB2}.Debug|Any CPU.ActiveCfg = Debug|Any CPU
		{77C1CC41-1FAB-4155-AB62-1C388B170EB2}.Debug|Any CPU.Build.0 = Debug|Any CPU
		{77C1CC41-1FAB-4155-AB62-1C388B170EB2}.Release|Any CPU.ActiveCfg = Release|Any CPU
		{77C1CC41-1FAB-4155-AB62-1C388B170EB2}.Release|Any CPU.Build.0 = Release|Any CPU
	EndGlobalSection
	GlobalSection(SolutionProperties) = preSolution
		HideSolutionNode = FALSE
	EndGlobalSection
EndGlobal
